
Microsoft Visual Studio Solution File, Format Version 12.00
# Visual Studio Version 17
VisualStudioVersion = 17.7.34031.279
MinimumVisualStudioVersion = 10.0.40219.1
Project("{FAE04EC0-301F-11D3-BF4B-00C04F79EFBC}") = "EFDbFirstCustomerProject", "EFDbFirstCustomerProject\EFDbFirstCustomerProject.csproj", "{8441382B-4BA0-43A4-AFFE-5ACE9D8185A5}"
EndProject
Global
	GlobalSection(SolutionConfigurationPlatforms) = preSolution
		Debug|Any CPU = Debug|Any CPU
		Release|Any CPU = Release|Any CPU
	EndGlobalSection
	GlobalSection(ProjectConfigurationPlatforms) = postSolution
		{8441382B-4BA0-43A4-AFFE-5ACE9D8185A5}.Debug|Any CPU.ActiveCfg = Debug|Any CPU
		{8441382B-4BA0-43A4-AFFE-5ACE9D8185A5}.Debug|Any CPU.Build.0 = Debug|Any CPU
		{8441382B-4BA0-43A4-AFFE-5ACE9D8185A5}.Release|Any CPU.ActiveCfg = Release|Any CPU
		{8441382B-4BA0-43A4-AFFE-5ACE9D8185A5}.Release|Any CPU.Build.0 = Release|Any CPU
	EndGlobalSection
	GlobalSection(SolutionProperties) = preSolution
		HideSolutionNode = FALSE
	EndGlobalSection
	GlobalSection(ExtensibilityGlobals) = postSolution
		SolutionGuid = {AE9B0DC9-99E9-4A8A-8184-B11A642706E6}
	EndGlobalSection
EndGlobal
